
Microsoft Visual Studio Solution File, Format Version 12.00
# Visual Studio Version 16
VisualStudioVersion = 16.0.31829.152
MinimumVisualStudioVersion = 10.0.40219.1
Project("{FAE04EC0-301F-11D3-BF4B-00C04F79EFBC}") = "vs2019_ptr", "vs2019_ptr\vs2019_ptr.csproj", "{B1DF74A8-6748-4226-91AB-2D784DE21314}"
EndProject
Global
	GlobalSection(SolutionConfigurationPlatforms) = preSolution
		Debug|Any CPU = Debug|Any CPU
		Release|Any CPU = Release|Any CPU
	EndGlobalSection
	GlobalSection(ProjectConfigurationPlatforms) = postSolution
		{B1DF74A8-6748-4226-91AB-2D784DE21314}.Debug|Any CPU.ActiveCfg = Debug|Any CPU
		{B1DF74A8-6748-4226-91AB-2D784DE21314}.Debug|Any CPU.Build.0 = Debug|Any CPU
		{B1DF74A8-6748-4226-91AB-2D784DE21314}.Release|Any CPU.ActiveCfg = Release|Any CPU
		{B1DF74A8-6748-4226-91AB-2D784DE21314}.Release|Any CPU.Build.0 = Release|Any CPU
	EndGlobalSection
	GlobalSection(SolutionProperties) = preSolution
		HideSolutionNode = FALSE
	EndGlobalSection
	GlobalSection(ExtensibilityGlobals) = postSolution
		SolutionGuid = {E90DF71B-2711-4A63-9C4D-A918EB885180}
	EndGlobalSection
EndGlobal
